
Microsoft Visual Studio Solution File, Format Version 12.00
# Visual Studio 14
VisualStudioVersion = 14.0.25420.1
MinimumVisualStudioVersion = 10.0.40219.1
Project("{FAE04EC0-301F-11D3-BF4B-00C04F79EFBC}") = "Import", "Import\Import.csproj", "{F52C139D-6281-4086-9D6D-CA227F56103E}"
EndProject
Project("{FAE04EC0-301F-11D3-BF4B-00C04F79EFBC}") = "Export", "Export\Export.csproj", "{8EB651E6-5D8C-4449-8E76-4A6BE6F24C93}"
EndProject
Global
	GlobalSection(SolutionConfigurationPlatforms) = preSolution
		Debug|Any CPU = Debug|Any CPU
		Release|Any CPU = Release|Any CPU
	EndGlobalSection
	GlobalSection(ProjectConfigurationPlatforms) = postSolution
		{F52C139D-6281-4086-9D6D-CA227F56103E}.Debug|Any CPU.ActiveCfg = Debug|Any CPU
		{F52C139D-6281-4086-9D6D-CA227F56103E}.Debug|Any CPU.Build.0 = Debug|Any CPU
		{F52C139D-6281-4086-9D6D-CA227F56103E}.Release|Any CPU.ActiveCfg = Release|Any CPU
		{F52C139D-6281-4086-9D6D-CA227F56103E}.Release|Any CPU.Build.0 = Release|Any CPU
		{8EB651E6-5D8C-4449-8E76-4A6BE6F24C93}.Debug|Any CPU.ActiveCfg = Debug|Any CPU
		{8EB651E6-5D8C-4449-8E76-4A6BE6F24C93}.Debug|Any CPU.Build.0 = Debug|Any CPU
		{8EB651E6-5D8C-4449-8E76-4A6BE6F24C93}.Release|Any CPU.ActiveCfg = Release|Any CPU
		{8EB651E6-5D8C-4449-8E76-4A6BE6F24C93}.Release|Any CPU.Build.0 = Release|Any CPU
	EndGlobalSection
	GlobalSection(SolutionProperties) = preSolution
		HideSolutionNode = FALSE
	EndGlobalSection
EndGlobal
